
Microsoft Visual Studio Solution File, Format Version 12.00
# Visual Studio Version 17
VisualStudioVersion = 17.8.34330.188
MinimumVisualStudioVersion = 10.0.40219.1
Project("{9A19103F-16F7-4668-BE54-9A1E7A4F7556}") = "ConsoleApp1", "ConsoleApp1\ConsoleApp1.csproj", "{3FEEAB48-B9AC-43D3-9123-F512F36FB039}"
EndProject
Project("{9A19103F-16F7-4668-BE54-9A1E7A4F7556}") = "ConsoleApp2", "ConsoleApp2\ConsoleApp2.csproj", "{57B23C53-AEE4-41C6-8CAD-6A2B623BE847}"
EndProject
Project("{FAE04EC0-301F-11D3-BF4B-00C04F79EFBC}") = "ConsoleApp3", "ConsoleApp3\ConsoleApp3.csproj", "{F8F8C1C5-098E-4D49-B66C-5EB131799633}"
EndProject
Project("{FAE04EC0-301F-11D3-BF4B-00C04F79EFBC}") = "ConsoleApp4", "ConsoleApp4\ConsoleApp4.csproj", "{9FAC9F57-BDA0-4AC1-A3BD-BB1AB8C82394}"
EndProject
Project("{FAE04EC0-301F-11D3-BF4B-00C04F79EFBC}") = "ConsoleApp5", "ConsoleApp5\ConsoleApp5.csproj", "{03D8240E-D9AA-450F-8614-CA20C7C3F919}"
EndProject
Global
	GlobalSection(SolutionConfigurationPlatforms) = preSolution
		Debug|Any CPU = Debug|Any CPU
		Release|Any CPU = Release|Any CPU
	EndGlobalSection
	GlobalSection(ProjectConfigurationPlatforms) = postSolution
		{3FEEAB48-B9AC-43D3-9123-F512F36FB039}.Debug|Any CPU.ActiveCfg = Debug|Any CPU
		{3FEEAB48-B9AC-43D3-9123-F512F36FB039}.Debug|Any CPU.Build.0 = Debug|Any CPU
		{3FEEAB48-B9AC-43D3-9123-F512F36FB039}.Release|Any CPU.ActiveCfg = Release|Any CPU
		{3FEEAB48-B9AC-43D3-9123-F512F36FB039}.Release|Any CPU.Build.0 = Release|Any CPU
		{57B23C53-AEE4-41C6-8CAD-6A2B623BE847}.Debug|Any CPU.ActiveCfg = Debug|Any CPU
		{57B23C53-AEE4-41C6-8CAD-6A2B623BE847}.Debug|Any CPU.Build.0 = Debug|Any CPU
		{57B23C53-AEE4-41C6-8CAD-6A2B623BE847}.Release|Any CPU.ActiveCfg = Release|Any CPU
		{57B23C53-AEE4-41C6-8CAD-6A2B623BE847}.Release|Any CPU.Build.0 = Release|Any CPU
		{F8F8C1C5-098E-4D49-B66C-5EB131799633}.Debug|Any CPU.ActiveCfg = Debug|Any CPU
		{F8F8C1C5-098E-4D49-B66C-5EB131799633}.Debug|Any CPU.Build.0 = Debug|Any CPU
		{F8F8C1C5-098E-4D49-B66C-5EB131799633}.Release|Any CPU.ActiveCfg = Release|Any CPU
		{F8F8C1C5-098E-4D49-B66C-5EB131799633}.Release|Any CPU.Build.0 = Release|Any CPU
		{9FAC9F57-BDA0-4AC1-A3BD-BB1AB8C82394}.Debug|Any CPU.ActiveCfg = Debug|Any CPU
		{9FAC9F57-BDA0-4AC1-A3BD-BB1AB8C82394}.Debug|Any CPU.Build.0 = Debug|Any CPU
		{9FAC9F57-BDA0-4AC1-A3BD-BB1AB8C82394}.Release|Any CPU.ActiveCfg = Release|Any CPU
		{9FAC9F57-BDA0-4AC1-A3BD-BB1AB8C82394}.Release|Any CPU.Build.0 = Release|Any CPU
		{03D8240E-D9AA-450F-8614-CA20C7C3F919}.Debug|Any CPU.ActiveCfg = Debug|Any CPU
		{03D8240E-D9AA-450F-8614-CA20C7C3F919}.Debug|Any CPU.Build.0 = Debug|Any CPU
		{03D8240E-D9AA-450F-8614-CA20C7C3F919}.Release|Any CPU.ActiveCfg = Release|Any CPU
		{03D8240E-D9AA-450F-8614-CA20C7C3F919}.Release|Any CPU.Build.0 = Release|Any CPU
	EndGlobalSection
	GlobalSection(SolutionProperties) = preSolution
		HideSolutionNode = FALSE
	EndGlobalSection
	GlobalSection(ExtensibilityGlobals) = postSolution
		SolutionGuid = {55C1233C-33F0-4CC9-BE8A-0FA5F332D73D}
	EndGlobalSection
EndGlobal
