
Microsoft Visual Studio Solution File, Format Version 12.00
# Visual Studio Version 17
VisualStudioVersion = 17.8.34330.188
MinimumVisualStudioVersion = 10.0.40219.1
Project("{FAE04EC0-301F-11D3-BF4B-00C04F79EFBC}") = "ConsoleApp1", "ConsoleApp1\ConsoleApp1.csproj", "{9FC537D9-CE77-4F1A-B010-BF5FEE5DA464}"
EndProject
Project("{FAE04EC0-301F-11D3-BF4B-00C04F79EFBC}") = "ConsoleApp2", "ConsoleApp2\ConsoleApp2.csproj", "{71A97BB5-23EC-47F5-96FF-35F18D478BD7}"
EndProject
Project("{FAE04EC0-301F-11D3-BF4B-00C04F79EFBC}") = "ConsoleApp3", "ConsoleApp3\ConsoleApp3.csproj", "{3EE0762A-96CB-433F-8123-FE3F7757B4F2}"
EndProject
Project("{FAE04EC0-301F-11D3-BF4B-00C04F79EFBC}") = "ConsoleApp4", "ConsoleApp4\ConsoleApp4.csproj", "{DC264EB0-8745-4FF3-8CAA-5A3659E26E8C}"
EndProject
Project("{FAE04EC0-301F-11D3-BF4B-00C04F79EFBC}") = "ConsoleApp5", "ConsoleApp5\ConsoleApp5.csproj", "{8A733BA3-0834-4A49-AEFC-9D4A919239A7}"
EndProject
Global
	GlobalSection(SolutionConfigurationPlatforms) = preSolution
		Debug|Any CPU = Debug|Any CPU
		Release|Any CPU = Release|Any CPU
	EndGlobalSection
	GlobalSection(ProjectConfigurationPlatforms) = postSolution
		{9FC537D9-CE77-4F1A-B010-BF5FEE5DA464}.Debug|Any CPU.ActiveCfg = Debug|Any CPU
		{9FC537D9-CE77-4F1A-B010-BF5FEE5DA464}.Debug|Any CPU.Build.0 = Debug|Any CPU
		{9FC537D9-CE77-4F1A-B010-BF5FEE5DA464}.Release|Any CPU.ActiveCfg = Release|Any CPU
		{9FC537D9-CE77-4F1A-B010-BF5FEE5DA464}.Release|Any CPU.Build.0 = Release|Any CPU
		{71A97BB5-23EC-47F5-96FF-35F18D478BD7}.Debug|Any CPU.ActiveCfg = Debug|Any CPU
		{71A97BB5-23EC-47F5-96FF-35F18D478BD7}.Debug|Any CPU.Build.0 = Debug|Any CPU
		{71A97BB5-23EC-47F5-96FF-35F18D478BD7}.Release|Any CPU.ActiveCfg = Release|Any CPU
		{71A97BB5-23EC-47F5-96FF-35F18D478BD7}.Release|Any CPU.Build.0 = Release|Any CPU
		{3EE0762A-96CB-433F-8123-FE3F7757B4F2}.Debug|Any CPU.ActiveCfg = Debug|Any CPU
		{3EE0762A-96CB-433F-8123-FE3F7757B4F2}.Debug|Any CPU.Build.0 = Debug|Any CPU
		{3EE0762A-96CB-433F-8123-FE3F7757B4F2}.Release|Any CPU.ActiveCfg = Release|Any CPU
		{3EE0762A-96CB-433F-8123-FE3F7757B4F2}.Release|Any CPU.Build.0 = Release|Any CPU
		{DC264EB0-8745-4FF3-8CAA-5A3659E26E8C}.Debug|Any CPU.ActiveCfg = Debug|Any CPU
		{DC264EB0-8745-4FF3-8CAA-5A3659E26E8C}.Debug|Any CPU.Build.0 = Debug|Any CPU
		{DC264EB0-8745-4FF3-8CAA-5A3659E26E8C}.Release|Any CPU.ActiveCfg = Release|Any CPU
		{DC264EB0-8745-4FF3-8CAA-5A3659E26E8C}.Release|Any CPU.Build.0 = Release|Any CPU
		{8A733BA3-0834-4A49-AEFC-9D4A919239A7}.Debug|Any CPU.ActiveCfg = Debug|Any CPU
		{8A733BA3-0834-4A49-AEFC-9D4A919239A7}.Debug|Any CPU.Build.0 = Debug|Any CPU
		{8A733BA3-0834-4A49-AEFC-9D4A919239A7}.Release|Any CPU.ActiveCfg = Release|Any CPU
		{8A733BA3-0834-4A49-AEFC-9D4A919239A7}.Release|Any CPU.Build.0 = Release|Any CPU
	EndGlobalSection
	GlobalSection(SolutionProperties) = preSolution
		HideSolutionNode = FALSE
	EndGlobalSection
	GlobalSection(ExtensibilityGlobals) = postSolution
		SolutionGuid = {CE43ACFF-F016-4288-AF6D-DE09E939ED59}
	EndGlobalSection
EndGlobal
