
Microsoft Visual Studio Solution File, Format Version 12.00
# Visual Studio Version 17
VisualStudioVersion = 17.8.34330.188
MinimumVisualStudioVersion = 10.0.40219.1
Project("{FAE04EC0-301F-11D3-BF4B-00C04F79EFBC}") = "ConsoleApp1", "ConsoleApp1\ConsoleApp1.csproj", "{4D4560DD-6C2A-4FA1-BBC9-5ED667390E7A}"
EndProject
Project("{FAE04EC0-301F-11D3-BF4B-00C04F79EFBC}") = "ConsoleApp2", "ConsoleApp2\ConsoleApp2.csproj", "{F24215C2-22BC-40E8-856E-1062D73DAA97}"
EndProject
Project("{FAE04EC0-301F-11D3-BF4B-00C04F79EFBC}") = "ConsoleApp3", "ConsoleApp3\ConsoleApp3.csproj", "{0BAF3585-9368-48E9-8A63-AF04A619A3A4}"
EndProject
Project("{FAE04EC0-301F-11D3-BF4B-00C04F79EFBC}") = "ConsoleApp4", "ConsoleApp4\ConsoleApp4.csproj", "{7A6976F2-F1D4-43B7-89E6-90666F7DEFC2}"
EndProject
Project("{FAE04EC0-301F-11D3-BF4B-00C04F79EFBC}") = "ConsoleApp5", "ConsoleApp5\ConsoleApp5.csproj", "{92E8B68B-89AD-4D61-AB2C-B9A33637BDD5}"
EndProject
Project("{FAE04EC0-301F-11D3-BF4B-00C04F79EFBC}") = "ConsoleApp6", "ConsoleApp6\ConsoleApp6.csproj", "{15659BA0-3FA3-4B72-8C31-577FFE0386CE}"
EndProject
Global
	GlobalSection(SolutionConfigurationPlatforms) = preSolution
		Debug|Any CPU = Debug|Any CPU
		Release|Any CPU = Release|Any CPU
	EndGlobalSection
	GlobalSection(ProjectConfigurationPlatforms) = postSolution
		{4D4560DD-6C2A-4FA1-BBC9-5ED667390E7A}.Debug|Any CPU.ActiveCfg = Debug|Any CPU
		{4D4560DD-6C2A-4FA1-BBC9-5ED667390E7A}.Debug|Any CPU.Build.0 = Debug|Any CPU
		{4D4560DD-6C2A-4FA1-BBC9-5ED667390E7A}.Release|Any CPU.ActiveCfg = Release|Any CPU
		{4D4560DD-6C2A-4FA1-BBC9-5ED667390E7A}.Release|Any CPU.Build.0 = Release|Any CPU
		{F24215C2-22BC-40E8-856E-1062D73DAA97}.Debug|Any CPU.ActiveCfg = Debug|Any CPU
		{F24215C2-22BC-40E8-856E-1062D73DAA97}.Debug|Any CPU.Build.0 = Debug|Any CPU
		{F24215C2-22BC-40E8-856E-1062D73DAA97}.Release|Any CPU.ActiveCfg = Release|Any CPU
		{F24215C2-22BC-40E8-856E-1062D73DAA97}.Release|Any CPU.Build.0 = Release|Any CPU
		{0BAF3585-9368-48E9-8A63-AF04A619A3A4}.Debug|Any CPU.ActiveCfg = Debug|Any CPU
		{0BAF3585-9368-48E9-8A63-AF04A619A3A4}.Debug|Any CPU.Build.0 = Debug|Any CPU
		{0BAF3585-9368-48E9-8A63-AF04A619A3A4}.Release|Any CPU.ActiveCfg = Release|Any CPU
		{0BAF3585-9368-48E9-8A63-AF04A619A3A4}.Release|Any CPU.Build.0 = Release|Any CPU
		{7A6976F2-F1D4-43B7-89E6-90666F7DEFC2}.Debug|Any CPU.ActiveCfg = Debug|Any CPU
		{7A6976F2-F1D4-43B7-89E6-90666F7DEFC2}.Debug|Any CPU.Build.0 = Debug|Any CPU
		{7A6976F2-F1D4-43B7-89E6-90666F7DEFC2}.Release|Any CPU.ActiveCfg = Release|Any CPU
		{7A6976F2-F1D4-43B7-89E6-90666F7DEFC2}.Release|Any CPU.Build.0 = Release|Any CPU
		{92E8B68B-89AD-4D61-AB2C-B9A33637BDD5}.Debug|Any CPU.ActiveCfg = Debug|Any CPU
		{92E8B68B-89AD-4D61-AB2C-B9A33637BDD5}.Debug|Any CPU.Build.0 = Debug|Any CPU
		{92E8B68B-89AD-4D61-AB2C-B9A33637BDD5}.Release|Any CPU.ActiveCfg = Release|Any CPU
		{92E8B68B-89AD-4D61-AB2C-B9A33637BDD5}.Release|Any CPU.Build.0 = Release|Any CPU
		{15659BA0-3FA3-4B72-8C31-577FFE0386CE}.Debug|Any CPU.ActiveCfg = Debug|Any CPU
		{15659BA0-3FA3-4B72-8C31-577FFE0386CE}.Debug|Any CPU.Build.0 = Debug|Any CPU
		{15659BA0-3FA3-4B72-8C31-577FFE0386CE}.Release|Any CPU.ActiveCfg = Release|Any CPU
		{15659BA0-3FA3-4B72-8C31-577FFE0386CE}.Release|Any CPU.Build.0 = Release|Any CPU
	EndGlobalSection
	GlobalSection(SolutionProperties) = preSolution
		HideSolutionNode = FALSE
	EndGlobalSection
	GlobalSection(ExtensibilityGlobals) = postSolution
		SolutionGuid = {3EF6C87E-41F9-4CB3-818E-F65EFBE87B84}
	EndGlobalSection
EndGlobal
